
Microsoft Visual Studio Solution File, Format Version 12.00
# Visual Studio Version 16
VisualStudioVersion = 16.0.29613.14
MinimumVisualStudioVersion = 10.0.40219.1
Project("{9A19103F-16F7-4668-BE54-9A1E7A4F7556}") = "ForgedOnce.GlslLanguageServices.CodeGeneration", "ForgedOnce.GlslLanguageServices.CodeGeneration\ForgedOnce.GlslLanguageServices.CodeGeneration.csproj", "{A9F55A99-3CEE-4E65-A9FE-DB82F409278C}"
EndProject
Project("{9A19103F-16F7-4668-BE54-9A1E7A4F7556}") = "ForgedOnce.GlslLanguageServices.LanguageModels", "ForgedOnce.GlslLanguageServices.LanguageModels\ForgedOnce.GlslLanguageServices.LanguageModels.csproj", "{EF0882E0-BA6F-43FA-AB81-4C255AD9CCC2}"
EndProject
Global
	GlobalSection(SolutionConfigurationPlatforms) = preSolution
		Debug|Any CPU = Debug|Any CPU
		Release|Any CPU = Release|Any CPU
	EndGlobalSection
	GlobalSection(ProjectConfigurationPlatforms) = postSolution
		{A9F55A99-3CEE-4E65-A9FE-DB82F409278C}.Debug|Any CPU.ActiveCfg = Debug|Any CPU
		{A9F55A99-3CEE-4E65-A9FE-DB82F409278C}.Debug|Any CPU.Build.0 = Debug|Any CPU
		{A9F55A99-3CEE-4E65-A9FE-DB82F409278C}.Release|Any CPU.ActiveCfg = Release|Any CPU
		{A9F55A99-3CEE-4E65-A9FE-DB82F409278C}.Release|Any CPU.Build.0 = Release|Any CPU
		{EF0882E0-BA6F-43FA-AB81-4C255AD9CCC2}.Debug|Any CPU.ActiveCfg = Debug|Any CPU
		{EF0882E0-BA6F-43FA-AB81-4C255AD9CCC2}.Debug|Any CPU.Build.0 = Debug|Any CPU
		{EF0882E0-BA6F-43FA-AB81-4C255AD9CCC2}.Release|Any CPU.ActiveCfg = Release|Any CPU
		{EF0882E0-BA6F-43FA-AB81-4C255AD9CCC2}.Release|Any CPU.Build.0 = Release|Any CPU
	EndGlobalSection
	GlobalSection(SolutionProperties) = preSolution
		HideSolutionNode = FALSE
	EndGlobalSection
	GlobalSection(ExtensibilityGlobals) = postSolution
		SolutionGuid = {37910C84-DB19-4604-A7DB-073DED83AF53}
	EndGlobalSection
EndGlobal
